{
  "name": "vscode-extension-tester-locators",
  "version": "1.45.2",
  "lockfileVersion": 1,
  "requires": true,
  "dependencies": {
    "@types/node": {
      "version": "11.15.12",
      "resolved": "https://registry.npmjs.org/@types/node/-/node-11.15.12.tgz",
      "integrity": "sha512-iefeBfpmhoYaZfj+gJM5z9H9eiTwhuzhPsJgH/flx4HP2SBI2FNDra1D3vKljqPLGDr9Cazvh9gP9Xszc30ncA==",
      "dev": true
    },
    "@types/selenium-webdriver": {
      "version": "3.0.17",
      "resolved": "https://registry.npmjs.org/@types/selenium-webdriver/-/selenium-webdriver-3.0.17.tgz",
      "integrity": "sha512-tGomyEuzSC1H28y2zlW6XPCaDaXFaD6soTdb4GNdmte2qfHtrKqhy0ZFs4r/1hpazCfEZqeTSRLvSasmEx89uw==",
      "dev": true
    },
    "balanced-match": {
      "version": "1.0.0",
      "resolved": "https://registry.npmjs.org/balanced-match/-/balanced-match-1.0.0.tgz",
      "integrity": "sha1-ibTRmasr7kneFk6gK4nORi1xt2c=",
      "dev": true
    },
    "brace-expansion": {
      "version": "1.1.11",
      "resolved": "https://registry.npmjs.org/brace-expansion/-/brace-expansion-1.1.11.tgz",
      "integrity": "sha512-iCuPHDFgrHX7H2vEI/5xpz07zSHB00TpugqhmYtVmMO6518mCuRMoOYFldEBl0g187ufozdaHgWKcYFb61qGiA==",
      "dev": true,
      "requires": {
        "balanced-match": "^1.0.0",
        "concat-map": "0.0.1"
      }
    },
    "concat-map": {
      "version": "0.0.1",
      "resolved": "https://registry.npmjs.org/concat-map/-/concat-map-0.0.1.tgz",
      "integrity": "sha1-2Klr13/Wjfd5OnMDajug1UBdR3s=",
      "dev": true
    },
    "fs.realpath": {
      "version": "1.0.0",
      "resolved": "https://registry.npmjs.org/fs.realpath/-/fs.realpath-1.0.0.tgz",
      "integrity": "sha1-FQStJSMVjKpA20onh8sBQRmU6k8=",
      "dev": true
    },
    "glob": {
      "version": "7.1.6",
      "resolved": "https://registry.npmjs.org/glob/-/glob-7.1.6.tgz",
      "integrity": "sha512-LwaxwyZ72Lk7vZINtNNrywX0ZuLyStrdDtabefZKAY5ZGJhVtgdznluResxNmPitE0SAO+O26sWTHeKSI2wMBA==",
      "dev": true,
      "requires": {
        "fs.realpath": "^1.0.0",
        "inflight": "^1.0.4",
        "inherits": "2",
        "minimatch": "^3.0.4",
        "once": "^1.3.0",
        "path-is-absolute": "^1.0.0"
      }
    },
    "inflight": {
      "version": "1.0.6",
      "resolved": "https://registry.npmjs.org/inflight/-/inflight-1.0.6.tgz",
      "integrity": "sha1-Sb1jMdfQLQwJvJEKEHW6gWW1bfk=",
      "dev": true,
      "requires": {
        "once": "^1.3.0",
        "wrappy": "1"
      }
    },
    "inherits": {
      "version": "2.0.4",
      "resolved": "https://registry.npmjs.org/inherits/-/inherits-2.0.4.tgz",
      "integrity": "sha512-k/vGaX4/Yla3WzyMCvTQOXYeIHvqOKtnqBduzTHpzpQZzAskKMhZ2K+EnBiSM9zGSoIFeMpXKxa4dYeZIQqewQ==",
      "dev": true
    },
    "minimatch": {
      "version": "3.0.4",
      "resolved": "https://registry.npmjs.org/minimatch/-/minimatch-3.0.4.tgz",
      "integrity": "sha512-yJHVQEhyqPLUTgt9B83PXu6W3rx4MvvHvSUvToogpwoGDOUQ+yDrR0HRot+yOCdCO7u4hX3pWft6kWBBcqh0UA==",
      "dev": true,
      "requires": {
        "brace-expansion": "^1.1.7"
      }
    },
    "monaco-page-objects": {
      "version": "file:../page-objects",
      "dev": true,
      "requires": {
        "clipboardy": "^2.0.0",
        "compare-versions": "^3.5.1",
        "fs-extra": "^8.1.0",
        "merge-deep": "github:jrichter1/merge-deep#functions",
        "ts-essentials": "^3.0.5"
      },
      "dependencies": {
        "@types/fs-extra": {
          "version": "8.1.0",
          "bundled": true,
          "requires": {
            "@types/node": "*"
          }
        },
        "@types/minimatch": {
          "version": "3.0.3",
          "bundled": true
        },
        "@types/node": {
          "version": "11.15.12",
          "bundled": true
        },
        "@types/selenium-webdriver": {
          "version": "3.0.17",
          "bundled": true
        },
        "arch": {
          "version": "2.1.1",
          "bundled": true,
          "dev": true
        },
        "arr-union": {
          "version": "3.1.0",
          "bundled": true,
          "dev": true
        },
        "backbone": {
          "version": "1.4.0",
          "bundled": true,
          "requires": {
            "underscore": ">=1.8.3"
          }
        },
        "balanced-match": {
          "version": "1.0.0",
          "bundled": true
        },
        "brace-expansion": {
          "version": "1.1.11",
          "bundled": true,
          "requires": {
            "balanced-match": "^1.0.0",
            "concat-map": "0.0.1"
          }
        },
        "clipboardy": {
          "version": "2.3.0",
          "bundled": true,
          "dev": true,
          "requires": {
            "arch": "^2.1.1",
            "execa": "^1.0.0",
            "is-wsl": "^2.1.1"
          }
        },
        "clone-deep": {
          "version": "0.2.4",
          "bundled": true,
          "dev": true,
          "requires": {
            "for-own": "^0.1.3",
            "is-plain-object": "^2.0.1",
            "kind-of": "^3.0.2",
            "lazy-cache": "^1.0.3",
            "shallow-clone": "^0.1.2"
          }
        },
        "commander": {
          "version": "2.20.3",
          "bundled": true,
          "optional": true
        },
        "compare-versions": {
          "version": "3.6.0",
          "bundled": true,
          "dev": true
        },
        "concat-map": {
          "version": "0.0.1",
          "bundled": true
        },
        "cross-spawn": {
          "version": "6.0.5",
          "bundled": true,
          "dev": true,
          "requires": {
            "nice-try": "^1.0.4",
            "path-key": "^2.0.1",
            "semver": "^5.5.0",
            "shebang-command": "^1.2.0",
            "which": "^1.2.9"
          }
        },
        "end-of-stream": {
          "version": "1.4.4",
          "bundled": true,
          "dev": true,
          "requires": {
            "once": "^1.4.0"
          }
        },
        "execa": {
          "version": "1.0.0",
          "bundled": true,
          "dev": true,
          "requires": {
            "cross-spawn": "^6.0.0",
            "get-stream": "^4.0.0",
            "is-stream": "^1.1.0",
            "npm-run-path": "^2.0.0",
            "p-finally": "^1.0.0",
            "signal-exit": "^3.0.0",
            "strip-eof": "^1.0.0"
          }
        },
        "for-in": {
          "version": "1.0.2",
          "bundled": true,
          "dev": true
        },
        "for-own": {
          "version": "0.1.5",
          "bundled": true,
          "dev": true,
          "requires": {
            "for-in": "^1.0.1"
          }
        },
        "fs-extra": {
          "version": "8.1.0",
          "bundled": true,
          "requires": {
            "graceful-fs": "^4.2.0",
            "jsonfile": "^4.0.0",
            "universalify": "^0.1.0"
          }
        },
        "fs.realpath": {
          "version": "1.0.0",
          "bundled": true
        },
        "get-stream": {
          "version": "4.1.0",
          "bundled": true,
          "dev": true,
          "requires": {
            "pump": "^3.0.0"
          }
        },
        "glob": {
          "version": "7.1.6",
          "bundled": true,
          "requires": {
            "fs.realpath": "^1.0.0",
            "inflight": "^1.0.4",
            "inherits": "2",
            "minimatch": "^3.0.4",
            "once": "^1.3.0",
            "path-is-absolute": "^1.0.0"
          }
        },
        "graceful-fs": {
          "version": "4.2.4",
          "bundled": true
        },
        "handlebars": {
          "version": "4.7.6",
          "bundled": true,
          "requires": {
            "minimist": "^1.2.5",
            "neo-async": "^2.6.0",
            "source-map": "^0.6.1",
            "uglify-js": "^3.1.4",
            "wordwrap": "^1.0.0"
          }
        },
        "highlight.js": {
          "version": "9.18.1",
          "bundled": true
        },
        "inflight": {
          "version": "1.0.6",
          "bundled": true,
          "requires": {
            "once": "^1.3.0",
            "wrappy": "1"
          }
        },
        "inherits": {
          "version": "2.0.4",
          "bundled": true
        },
        "interpret": {
          "version": "1.2.0",
          "bundled": true
        },
        "is-buffer": {
          "version": "1.1.6",
          "bundled": true,
          "dev": true
        },
        "is-docker": {
          "version": "2.0.0",
          "bundled": true,
          "dev": true
        },
        "is-extendable": {
          "version": "0.1.1",
          "bundled": true,
          "dev": true
        },
        "is-plain-object": {
          "version": "2.0.4",
          "bundled": true,
          "dev": true,
          "requires": {
            "isobject": "^3.0.1"
          }
        },
        "is-stream": {
          "version": "1.1.0",
          "bundled": true,
          "dev": true
        },
        "is-wsl": {
          "version": "2.2.0",
          "bundled": true,
          "dev": true,
          "requires": {
            "is-docker": "^2.0.0"
          }
        },
        "isexe": {
          "version": "2.0.0",
          "bundled": true,
          "dev": true
        },
        "isobject": {
          "version": "3.0.1",
          "bundled": true,
          "dev": true
        },
        "jquery": {
          "version": "3.5.1",
          "bundled": true
        },
        "jsonfile": {
          "version": "4.0.0",
          "bundled": true,
          "requires": {
            "graceful-fs": "^4.1.6"
          }
        },
        "kind-of": {
          "version": "3.2.2",
          "bundled": true,
          "dev": true,
          "requires": {
            "is-buffer": "^1.1.5"
          }
        },
        "lazy-cache": {
          "version": "1.0.4",
          "bundled": true,
          "dev": true
        },
        "lodash": {
          "version": "4.17.15",
          "bundled": true
        },
        "lunr": {
          "version": "2.3.8",
          "bundled": true
        },
        "marked": {
          "version": "0.8.2",
          "bundled": true
        },
        "merge-deep": {
          "version": "3.0.2",
          "from": "github:jrichter1/merge-deep#functions",
          "bundled": true,
          "dev": true,
          "requires": {
            "arr-union": "^3.1.0",
            "clone-deep": "^0.2.4",
            "kind-of": "^3.0.2"
          }
        },
        "minimatch": {
          "version": "3.0.4",
          "bundled": true,
          "requires": {
            "brace-expansion": "^1.1.7"
          }
        },
        "minimist": {
          "version": "1.2.5",
          "bundled": true
        },
        "mixin-object": {
          "version": "2.0.1",
          "bundled": true,
          "dev": true,
          "requires": {
            "for-in": "^0.1.3",
            "is-extendable": "^0.1.1"
          },
          "dependencies": {
            "for-in": {
              "version": "0.1.8",
              "bundled": true,
              "dev": true
            }
          }
        },
        "neo-async": {
          "version": "2.6.1",
          "bundled": true
        },
        "nice-try": {
          "version": "1.0.5",
          "bundled": true,
          "dev": true
        },
        "npm-run-path": {
          "version": "2.0.2",
          "bundled": true,
          "dev": true,
          "requires": {
            "path-key": "^2.0.0"
          }
        },
        "once": {
          "version": "1.4.0",
          "bundled": true,
          "requires": {
            "wrappy": "1"
          }
        },
        "p-finally": {
          "version": "1.0.0",
          "bundled": true,
          "dev": true
        },
        "path-is-absolute": {
          "version": "1.0.1",
          "bundled": true
        },
        "path-key": {
          "version": "2.0.1",
          "bundled": true,
          "dev": true
        },
        "path-parse": {
          "version": "1.0.6",
          "bundled": true
        },
        "progress": {
          "version": "2.0.3",
          "bundled": true
        },
        "pump": {
          "version": "3.0.0",
          "bundled": true,
          "dev": true,
          "requires": {
            "end-of-stream": "^1.1.0",
            "once": "^1.3.1"
          }
        },
        "rechoir": {
          "version": "0.6.2",
          "bundled": true,
          "requires": {
            "resolve": "^1.1.6"
          }
        },
        "resolve": {
          "version": "1.17.0",
          "bundled": true,
          "requires": {
            "path-parse": "^1.0.6"
          }
        },
        "rimraf": {
          "version": "3.0.2",
          "bundled": true,
          "requires": {
            "glob": "^7.1.3"
          }
        },
        "semver": {
          "version": "5.7.1",
          "bundled": true,
          "dev": true
        },
        "shallow-clone": {
          "version": "0.1.2",
          "bundled": true,
          "dev": true,
          "requires": {
            "is-extendable": "^0.1.1",
            "kind-of": "^2.0.1",
            "lazy-cache": "^0.2.3",
            "mixin-object": "^2.0.1"
          },
          "dependencies": {
            "kind-of": {
              "version": "2.0.1",
              "bundled": true,
              "dev": true,
              "requires": {
                "is-buffer": "^1.0.2"
              }
            },
            "lazy-cache": {
              "version": "0.2.7",
              "bundled": true,
              "dev": true
            }
          }
        },
        "shebang-command": {
          "version": "1.2.0",
          "bundled": true,
          "dev": true,
          "requires": {
            "shebang-regex": "^1.0.0"
          }
        },
        "shebang-regex": {
          "version": "1.0.0",
          "bundled": true,
          "dev": true
        },
        "shelljs": {
          "version": "0.8.4",
          "bundled": true,
          "requires": {
            "glob": "^7.0.0",
            "interpret": "^1.0.0",
            "rechoir": "^0.6.2"
          }
        },
        "signal-exit": {
          "version": "3.0.3",
          "bundled": true,
          "dev": true
        },
        "source-map": {
          "version": "0.6.1",
          "bundled": true
        },
        "strip-eof": {
          "version": "1.0.0",
          "bundled": true,
          "dev": true
        },
        "ts-essentials": {
          "version": "3.0.5",
          "bundled": true,
          "dev": true
        },
        "typedoc": {
          "version": "0.15.8",
          "bundled": true,
          "requires": {
            "@types/minimatch": "3.0.3",
            "fs-extra": "^8.1.0",
            "handlebars": "^4.7.0",
            "highlight.js": "^9.17.1",
            "lodash": "^4.17.15",
            "marked": "^0.8.0",
            "minimatch": "^3.0.0",
            "progress": "^2.0.3",
            "shelljs": "^0.8.3",
            "typedoc-default-themes": "^0.6.3",
            "typescript": "3.7.x"
          },
          "dependencies": {
            "typescript": {
              "version": "3.7.5",
              "bundled": true
            }
          }
        },
        "typedoc-default-themes": {
          "version": "0.6.3",
          "bundled": true,
          "requires": {
            "backbone": "^1.4.0",
            "jquery": "^3.4.1",
            "lunr": "^2.3.8",
            "underscore": "^1.9.1"
          }
        },
        "typescript": {
          "version": "3.8.3",
          "bundled": true
        },
        "uglify-js": {
          "version": "3.9.2",
          "bundled": true,
          "optional": true,
          "requires": {
            "commander": "~2.20.3"
          }
        },
        "underscore": {
          "version": "1.10.2",
          "bundled": true
        },
        "universalify": {
          "version": "0.1.2",
          "bundled": true
        },
        "which": {
          "version": "1.3.1",
          "bundled": true,
          "dev": true,
          "requires": {
            "isexe": "^2.0.0"
          }
        },
        "wordwrap": {
          "version": "1.0.0",
          "bundled": true
        },
        "wrappy": {
          "version": "1.0.2",
          "bundled": true
        }
      }
    },
    "once": {
      "version": "1.4.0",
      "resolved": "https://registry.npmjs.org/once/-/once-1.4.0.tgz",
      "integrity": "sha1-WDsap3WWHUsROsF9nFC6753Xa9E=",
      "dev": true,
      "requires": {
        "wrappy": "1"
      }
    },
    "path-is-absolute": {
      "version": "1.0.1",
      "resolved": "https://registry.npmjs.org/path-is-absolute/-/path-is-absolute-1.0.1.tgz",
      "integrity": "sha1-F0uSaHNVNP+8es5r9TpanhtcX18=",
      "dev": true
    },
    "rimraf": {
      "version": "3.0.2",
      "resolved": "https://registry.npmjs.org/rimraf/-/rimraf-3.0.2.tgz",
      "integrity": "sha512-JZkJMZkAGFFPP2YqXZXPbMlMBgsxzE8ILs4lMIX/2o0L9UBw9O/Y3o6wFw/i9YLapcUJWwqbi3kdxIPdC62TIA==",
      "dev": true,
      "requires": {
        "glob": "^7.1.3"
      }
    },
    "typescript": {
      "version": "3.8.3",
      "resolved": "https://registry.npmjs.org/typescript/-/typescript-3.8.3.tgz",
      "integrity": "sha512-MYlEfn5VrLNsgudQTVJeNaQFUAI7DkhnOjdpAp4T+ku1TfQClewlbSuTVHiA+8skNBgaf02TL/kLOvig4y3G8w==",
      "dev": true
    },
    "wrappy": {
      "version": "1.0.2",
      "resolved": "https://registry.npmjs.org/wrappy/-/wrappy-1.0.2.tgz",
      "integrity": "sha1-tSQ9jz7BqjXxNkYFvA0QNuMKtp8=",
      "dev": true
    }
  }
}
